
Microsoft Visual Studio Solution File, Format Version 12.00
# Visual Studio Version 17
VisualStudioVersion = 17.5.002.0
MinimumVisualStudioVersion = 10.0.40219.1
Project("{9A19103F-16F7-4668-BE54-9A1E7A4F7556}") = "Cronometro", "Cronometro.csproj", "{B2F26D85-1313-4515-9010-84663A0B601F}"
EndProject
Global
	GlobalSection(SolutionConfigurationPlatforms) = preSolution
		Debug|Any CPU = Debug|Any CPU
		Release|Any CPU = Release|Any CPU
	EndGlobalSection
	GlobalSection(ProjectConfigurationPlatforms) = postSolution
		{B2F26D85-1313-4515-9010-84663A0B601F}.Debug|Any CPU.ActiveCfg = Debug|Any CPU
		{B2F26D85-1313-4515-9010-84663A0B601F}.Debug|Any CPU.Build.0 = Debug|Any CPU
		{B2F26D85-1313-4515-9010-84663A0B601F}.Release|Any CPU.ActiveCfg = Release|Any CPU
		{B2F26D85-1313-4515-9010-84663A0B601F}.Release|Any CPU.Build.0 = Release|Any CPU
	EndGlobalSection
	GlobalSection(SolutionProperties) = preSolution
		HideSolutionNode = FALSE
	EndGlobalSection
	GlobalSection(ExtensibilityGlobals) = postSolution
		SolutionGuid = {8BD1ABF6-AF46-496F-81E7-A0A37D379B5E}
	EndGlobalSection
EndGlobal
