
Microsoft Visual Studio Solution File, Format Version 12.00
# Visual Studio Version 17
VisualStudioVersion = 17.5.002.0
MinimumVisualStudioVersion = 10.0.40219.1
Project("{9A19103F-16F7-4668-BE54-9A1E7A4F7556}") = "EditorHtml", "EditorHtml.csproj", "{0AE5457E-9B54-448F-A4BF-C4AFB82C1278}"
EndProject
Global
	GlobalSection(SolutionConfigurationPlatforms) = preSolution
		Debug|Any CPU = Debug|Any CPU
		Release|Any CPU = Release|Any CPU
	EndGlobalSection
	GlobalSection(ProjectConfigurationPlatforms) = postSolution
		{0AE5457E-9B54-448F-A4BF-C4AFB82C1278}.Debug|Any CPU.ActiveCfg = Debug|Any CPU
		{0AE5457E-9B54-448F-A4BF-C4AFB82C1278}.Debug|Any CPU.Build.0 = Debug|Any CPU
		{0AE5457E-9B54-448F-A4BF-C4AFB82C1278}.Release|Any CPU.ActiveCfg = Release|Any CPU
		{0AE5457E-9B54-448F-A4BF-C4AFB82C1278}.Release|Any CPU.Build.0 = Release|Any CPU
	EndGlobalSection
	GlobalSection(SolutionProperties) = preSolution
		HideSolutionNode = FALSE
	EndGlobalSection
	GlobalSection(ExtensibilityGlobals) = postSolution
		SolutionGuid = {D9762F2E-3E8C-4A0A-8D01-E3F006015C6D}
	EndGlobalSection
EndGlobal
