
Microsoft Visual Studio Solution File, Format Version 12.00
# Visual Studio Version 17
VisualStudioVersion = 17.7.34221.43
MinimumVisualStudioVersion = 10.0.40219.1
Project("{9A19103F-16F7-4668-BE54-9A1E7A4F7556}") = "Pagamentos", "Pagamentos\Pagamentos.csproj", "{2FF3F4E4-6BDD-424B-9228-29F6FC0017B8}"
EndProject
Global
	GlobalSection(SolutionConfigurationPlatforms) = preSolution
		Debug|Any CPU = Debug|Any CPU
		Release|Any CPU = Release|Any CPU
	EndGlobalSection
	GlobalSection(ProjectConfigurationPlatforms) = postSolution
		{2FF3F4E4-6BDD-424B-9228-29F6FC0017B8}.Debug|Any CPU.ActiveCfg = Debug|Any CPU
		{2FF3F4E4-6BDD-424B-9228-29F6FC0017B8}.Debug|Any CPU.Build.0 = Debug|Any CPU
		{2FF3F4E4-6BDD-424B-9228-29F6FC0017B8}.Release|Any CPU.ActiveCfg = Release|Any CPU
		{2FF3F4E4-6BDD-424B-9228-29F6FC0017B8}.Release|Any CPU.Build.0 = Release|Any CPU
	EndGlobalSection
	GlobalSection(SolutionProperties) = preSolution
		HideSolutionNode = FALSE
	EndGlobalSection
	GlobalSection(ExtensibilityGlobals) = postSolution
		SolutionGuid = {87859957-982F-45C5-B269-1846FD969612}
	EndGlobalSection
EndGlobal
